
Microsoft Visual Studio Solution File, Format Version 12.00
# Visual Studio Version 17
VisualStudioVersion = 17.8.34316.72
MinimumVisualStudioVersion = 10.0.40219.1
Project("{FAE04EC0-301F-11D3-BF4B-00C04F79EFBC}") = "MatinDevs.PersianPhoneNumbers", "MatinDevs.PersianPhoneNumbers\MatinDevs.PersianPhoneNumbers.csproj", "{FC90338A-B0CA-46A2-AA43-BBD192ED6141}"
EndProject
Global
	GlobalSection(SolutionConfigurationPlatforms) = preSolution
		Debug|Any CPU = Debug|Any CPU
		Release|Any CPU = Release|Any CPU
	EndGlobalSection
	GlobalSection(ProjectConfigurationPlatforms) = postSolution
		{FC90338A-B0CA-46A2-AA43-BBD192ED6141}.Debug|Any CPU.ActiveCfg = Debug|Any CPU
		{FC90338A-B0CA-46A2-AA43-BBD192ED6141}.Debug|Any CPU.Build.0 = Debug|Any CPU
		{FC90338A-B0CA-46A2-AA43-BBD192ED6141}.Release|Any CPU.ActiveCfg = Release|Any CPU
		{FC90338A-B0CA-46A2-AA43-BBD192ED6141}.Release|Any CPU.Build.0 = Release|Any CPU
	EndGlobalSection
	GlobalSection(SolutionProperties) = preSolution
		HideSolutionNode = FALSE
	EndGlobalSection
	GlobalSection(ExtensibilityGlobals) = postSolution
		SolutionGuid = {1E4369DC-2570-4CA5-95DF-2DD8F048DDFB}
	EndGlobalSection
EndGlobal
